<?xml version="1.0" encoding="utf-8"?>
<Project ToolsVersion="4.0" xmlns="http://schemas.microsoft.com/developer/msbuild/2003">
  <ItemGroup>
    <Filter Include="Source Files">
      <UniqueIdentifier>{4FC737F1-C7A5-4376-A066-2A32D752A2FF}</UniqueIdentifier>
      <Extensions>cpp;c;cc;cxx;c++;cppm;ixx;def;odl;idl;hpj;bat;asm;asmx</Extensions>
    </Filter>
    <Filter Include="Header Files">
      <UniqueIdentifier>{93995380-89BD-4b04-88EB-625FBE52EBFB}</UniqueIdentifier>
      <Extensions>h;hh;hpp;hxx;h++;hm;inl;inc;ipp;xsd</Extensions>
    </Filter>
    <Filter Include="Resource Files">
      <UniqueIdentifier>{67DA6AB6-F800-4c08-8B7A-83BB121AAD01}</UniqueIdentifier>
      <Extensions>rc;ico;cur;bmp;dlg;rc2;rct;bin;rgs;gif;jpg;jpeg;jpe;resx;tiff;tif;png;wav;mfcribbon-ms</Extensions>
    </Filter>
  </ItemGroup>
  <ItemGroup>
    <ClCompile Include="Main.cpp">
      <Filter>Source Files</Filter>
    </ClCompile>
    <ClCompile Include="Characters.cpp">
      <Filter>Source Files</Filter>
    </ClCompile>
    <ClCompile Include="UserDefinedLiteral.cpp">
      <Filter>Source Files</Filter>
    </ClCompile>
    <ClCompile Include="SampleHeader.cpp">
      <Filter>Source Files</Filter>
    </ClCompile>
    <ClCompile Include="Align.cpp">
      <Filter>Source Files</Filter>
    </ClCompile>
    <ClCompile Include="TrivialClz.h">
      <Filter>Header Files</Filter>
    </ClCompile>
    <ClCompile Include="TrivialClz.cpp">
      <Filter>Source Files</Filter>
    </ClCompile>
    <ClCompile Include="Conversion.cpp">
      <Filter>Source Files</Filter>
    </ClCompile>
    <ClCompile Include="Pointer.cpp">
      <Filter>Source Files</Filter>
    </ClCompile>
    <ClCompile Include="Other.cpp">
      <Filter>Source Files</Filter>
    </ClCompile>
    <ClCompile Include="FString.cpp">
      <Filter>Source Files</Filter>
    </ClCompile>
    <ClCompile Include="Declaration.cpp">
      <Filter>Source Files</Filter>
    </ClCompile>
    <ClCompile Include="Template.cpp">
      <Filter>Source Files</Filter>
    </ClCompile>
    <ClCompile Include="Namespace.cpp">
      <Filter>Source Files</Filter>
    </ClCompile>
    <ClCompile Include="EnumUnion.cpp">
      <Filter>Source Files</Filter>
    </ClCompile>
    <ClCompile Include="Function.cpp">
      <Filter>Source Files</Filter>
    </ClCompile>
    <ClCompile Include="OperatorClz.cpp">
      <Filter>Source Files</Filter>
    </ClCompile>
    <ClCompile Include="Clz.cpp">
      <Filter>Source Files</Filter>
    </ClCompile>
    <ClCompile Include="Lambda.cpp">
      <Filter>Source Files</Filter>
    </ClCompile>
    <ClCompile Include="Move.cpp">
      <Filter>Source Files</Filter>
    </ClCompile>
    <ClCompile Include="StructuredBinding.cpp">
      <Filter>Source Files</Filter>
    </ClCompile>
  </ItemGroup>
  <ItemGroup>
    <ClInclude Include="Fact.h">
      <Filter>Header Files</Filter>
    </ClInclude>
    <ClInclude Include="Characters.h">
      <Filter>Header Files</Filter>
    </ClInclude>
    <ClInclude Include="UserDefinedLiteral.h">
      <Filter>Header Files</Filter>
    </ClInclude>
    <ClInclude Include="SampleHeader.h">
      <Filter>Header Files</Filter>
    </ClInclude>
    <ClInclude Include="Align.h">
      <Filter>Header Files</Filter>
    </ClInclude>
    <ClInclude Include="Conversion.h">
      <Filter>Header Files</Filter>
    </ClInclude>
    <ClInclude Include="Pointer.h">
      <Filter>Header Files</Filter>
    </ClInclude>
    <ClInclude Include="Other.h">
      <Filter>Header Files</Filter>
    </ClInclude>
    <ClInclude Include="FString.h">
      <Filter>Header Files</Filter>
    </ClInclude>
    <ClInclude Include="Declaration.h">
      <Filter>Header Files</Filter>
    </ClInclude>
    <ClInclude Include="Template.h">
      <Filter>Header Files</Filter>
    </ClInclude>
    <ClInclude Include="Namespace.h">
      <Filter>Header Files</Filter>
    </ClInclude>
    <ClInclude Include="EnumUnion.h">
      <Filter>Header Files</Filter>
    </ClInclude>
    <ClInclude Include="Function.h">
      <Filter>Header Files</Filter>
    </ClInclude>
    <ClInclude Include="OperatorClz.h">
      <Filter>Header Files</Filter>
    </ClInclude>
    <ClInclude Include="Clz.h">
      <Filter>Header Files</Filter>
    </ClInclude>
    <ClInclude Include="Lambda.h">
      <Filter>Header Files</Filter>
    </ClInclude>
    <ClInclude Include="Move.h">
      <Filter>Header Files</Filter>
    </ClInclude>
    <ClInclude Include="StructuredBinding.h">
      <Filter>Header Files</Filter>
    </ClInclude>
  </ItemGroup>
</Project>